{
  "requires": true,
  "lockfileVersion": 1,
  "dependencies": {
    "@adobe/coral-spectrum": {
      "version": "4.10.0",
      "resolved": "https://registry.npmjs.org/@adobe/coral-spectrum/-/coral-spectrum-4.10.0.tgz",
      "integrity": "sha512-L7xKE4EIR/GXCtndzMrJbfICm83djj81am6vbU8y8Sgrgr3gzWlp7jrY3Z55vRkUeRVizSel5dYYWmRkI3T7Rg==",
      "requires": {
        "@adobe/focus-ring-polyfill": "0.1.5",
        "@adobe/spectrum-css": "2.18.0",
        "@adobe/vent": "1.0.0",
        "core-js": "3.6.4",
        "document-register-element": "1.14.3",
        "normalize.css": "8.0.1",
        "popper.js": "1.16.1",
        "resize-observer-polyfill": "1.5.1"
      }
    },
    "@adobe/focus-ring-polyfill": {
      "version": "0.1.5",
      "resolved": "https://registry.npmjs.org/@adobe/focus-ring-polyfill/-/focus-ring-polyfill-0.1.5.tgz",
      "integrity": "sha512-OLa/TlzPv6vzMPi3DT9/Gefu/HJptcBcFmMYTpeNTZ6Y+t2TL+CZtjGlu438O2V03c86KEEgMlm9nQ70kW3bPw=="
    },
    "@adobe/spectrum-css": {
      "version": "2.18.0",
      "resolved": "https://registry.npmjs.org/@adobe/spectrum-css/-/spectrum-css-2.18.0.tgz",
      "integrity": "sha512-DhfQ3vPt2FAx5tcoPq3HeHuKBqty0M+d5TPdPkl1hZFdxaqE9jac7qUblyz4lQczqyG/U/M4BjVpvp0Qc8iecw=="
    },
    "@adobe/vent": {
      "version": "1.0.0",
      "resolved": "https://registry.npmjs.org/@adobe/vent/-/vent-1.0.0.tgz",
      "integrity": "sha512-WiEd5Ql/uohhO2xYpPyq/kSFs+QfTQqXTB7QTUZR+sQrSGUmxw0ecapl8JmbZJXQ9D9KlrSgmAjDzoewsPi2YQ=="
    },
    "chosen-js": {
      "version": "1.8.7",
      "resolved": "https://registry.npmjs.org/chosen-js/-/chosen-js-1.8.7.tgz",
      "integrity": "sha512-eVdrZJ2U5ISdObkgsi0od5vIJdLwq1P1Xa/Vj/mgxkMZf14DlgobfB6nrlFi3kW4kkvKLsKk4NDqZj1MU1DCpw=="
    },
    "core-js": {
      "version": "3.6.4",
      "resolved": "https://registry.npmjs.org/core-js/-/core-js-3.6.4.tgz",
      "integrity": "sha512-4paDGScNgZP2IXXilaffL9X7968RuvwlkK3xWtZRVqgd8SYNiVKRJvkFd1aqqEuPfN7E68ZHEp9hDj6lHj4Hyw=="
    },
    "document-register-element": {
      "version": "1.14.3",
      "resolved": "https://registry.npmjs.org/document-register-element/-/document-register-element-1.14.3.tgz",
      "integrity": "sha512-SbJTzoQXLTcYxnpdDNRZXu/gwsGSShemXpvj6Pa6ujRwJFpJ41siil4tk4y+cQXnqylS6mc2Rtxp/PkMzfkqyQ==",
      "requires": {
        "lightercollective": "^0.3.0"
      }
    },
    "lightercollective": {
      "version": "0.3.0",
      "resolved": "https://registry.npmjs.org/lightercollective/-/lightercollective-0.3.0.tgz",
      "integrity": "sha512-RFOLSUVvwdK3xA0P8o6G7QGXLIyy1L2qv5caEI7zXN5ciaEjbAriRF182kbsoJ1S1TgvpyGcN485fMky6qxOPw=="
    },
    "normalize.css": {
      "version": "8.0.1",
      "resolved": "https://registry.npmjs.org/normalize.css/-/normalize.css-8.0.1.tgz",
      "integrity": "sha512-qizSNPO93t1YUuUhP22btGOo3chcvDFqFaj2TRybP0DMxkHOCTYwp3n34fel4a31ORXy4m1Xq0Gyqpb5m33qIg=="
    },
    "popper.js": {
      "version": "1.16.1",
      "resolved": "https://registry.npmjs.org/popper.js/-/popper.js-1.16.1.tgz",
      "integrity": "sha512-Wb4p1J4zyFTbM+u6WuO4XstYx4Ky9Cewe4DWrel7B0w6VVICvPwdOpotjzcf6eD8TsckVnIMNONQyPIUFOUbCQ=="
    },
    "resize-observer-polyfill": {
      "version": "1.5.1",
      "resolved": "https://registry.npmjs.org/resize-observer-polyfill/-/resize-observer-polyfill-1.5.1.tgz",
      "integrity": "sha512-LwZrotdHOo12nQuZlHEmtuXdqGoOD0OhaxopaNFxWzInpEgaLWoVuAMbTzixuosCx2nEG58ngzW3vxdWoxIgdg=="
    },
    "slick-carousel": {
      "version": "1.8.1",
      "resolved": "https://registry.npmjs.org/slick-carousel/-/slick-carousel-1.8.1.tgz",
      "integrity": "sha512-XB9Ftrf2EEKfzoQXt3Nitrt/IPbT+f1fgqBdoxO3W/+JYvtEOW6EgxnWfr9GH6nmULv7Y2tPmEX3koxThVmebA=="
    }
  }
}
